
Microsoft Visual Studio Solution File, Format Version 12.00
# Visual Studio Version 17
VisualStudioVersion = 17.9.34616.47
MinimumVisualStudioVersion = 10.0.40219.1
Project("{FAE04EC0-301F-11D3-BF4B-00C04F79EFBC}") = "BookStoreApi", "BookStoreApi\BookStoreApi.csproj", "{E17301FA-54BE-4AFC-8F2F-B3EA63ADF0BC}"
EndProject
Global
	GlobalSection(SolutionConfigurationPlatforms) = preSolution
		Debug|Any CPU = Debug|Any CPU
		Release|Any CPU = Release|Any CPU
	EndGlobalSection
	GlobalSection(ProjectConfigurationPlatforms) = postSolution
		{E17301FA-54BE-4AFC-8F2F-B3EA63ADF0BC}.Debug|Any CPU.ActiveCfg = Debug|Any CPU
		{E17301FA-54BE-4AFC-8F2F-B3EA63ADF0BC}.Debug|Any CPU.Build.0 = Debug|Any CPU
		{E17301FA-54BE-4AFC-8F2F-B3EA63ADF0BC}.Release|Any CPU.ActiveCfg = Release|Any CPU
		{E17301FA-54BE-4AFC-8F2F-B3EA63ADF0BC}.Release|Any CPU.Build.0 = Release|Any CPU
	EndGlobalSection
	GlobalSection(SolutionProperties) = preSolution
		HideSolutionNode = FALSE
	EndGlobalSection
	GlobalSection(ExtensibilityGlobals) = postSolution
		SolutionGuid = {503CC4CF-1462-4154-B85A-AA7657CEA4F0}
	EndGlobalSection
EndGlobal
